
Microsoft Visual Studio Solution File, Format Version 12.00
# Visual Studio 15
VisualStudioVersion = 15.0.28307.572
MinimumVisualStudioVersion = 10.0.40219.1
Project("{FAE04EC0-301F-11D3-BF4B-00C04F79EFBC}") = "ServerDOJ", "ServerDOJ\ServerDOJ.csproj", "{D1A4919B-A2BC-4325-8A5C-9A55EFCFCCC3}"
EndProject
Global
	GlobalSection(SolutionConfigurationPlatforms) = preSolution
		Debug|Any CPU = Debug|Any CPU
		Release|Any CPU = Release|Any CPU
	EndGlobalSection
	GlobalSection(ProjectConfigurationPlatforms) = postSolution
		{D1A4919B-A2BC-4325-8A5C-9A55EFCFCCC3}.Debug|Any CPU.ActiveCfg = Debug|Any CPU
		{D1A4919B-A2BC-4325-8A5C-9A55EFCFCCC3}.Debug|Any CPU.Build.0 = Debug|Any CPU
		{D1A4919B-A2BC-4325-8A5C-9A55EFCFCCC3}.Release|Any CPU.ActiveCfg = Release|Any CPU
		{D1A4919B-A2BC-4325-8A5C-9A55EFCFCCC3}.Release|Any CPU.Build.0 = Release|Any CPU
	EndGlobalSection
	GlobalSection(SolutionProperties) = preSolution
		HideSolutionNode = FALSE
	EndGlobalSection
	GlobalSection(ExtensibilityGlobals) = postSolution
		SolutionGuid = {C8A58676-B99A-4FB2-B46C-F62D73915716}
	EndGlobalSection
EndGlobal
